
Microsoft Visual Studio Solution File, Format Version 12.00
# Visual Studio 2013
VisualStudioVersion = 12.0.20827.3
MinimumVisualStudioVersion = 10.0.40219.1
Project("{2150E333-8FDC-42A3-9474-1A3956D46DE8}") = ".nuget", ".nuget", "{B238D2E9-9153-4F3D-BBD4-CB811A3DB6F2}"
	ProjectSection(SolutionItems) = preProject
		.nuget\packages.config = .nuget\packages.config
	EndProjectSection
EndProject
Project("{FAE04EC0-301F-11D3-BF4B-00C04F79EFBC}") = "MomentDatepicker", "MomentDatepicker.csproj", "{D2A92505-B1DC-4126-AA3C-BC76F30B2128}"
EndProject
Global
	GlobalSection(SolutionConfigurationPlatforms) = preSolution
		Debug|Any CPU = Debug|Any CPU
		Release|Any CPU = Release|Any CPU
	EndGlobalSection
	GlobalSection(ProjectConfigurationPlatforms) = postSolution
		{D2A92505-B1DC-4126-AA3C-BC76F30B2128}.Debug|Any CPU.ActiveCfg = Debug|Any CPU
		{D2A92505-B1DC-4126-AA3C-BC76F30B2128}.Debug|Any CPU.Build.0 = Debug|Any CPU
		{D2A92505-B1DC-4126-AA3C-BC76F30B2128}.Release|Any CPU.ActiveCfg = Release|Any CPU
		{D2A92505-B1DC-4126-AA3C-BC76F30B2128}.Release|Any CPU.Build.0 = Release|Any CPU
	EndGlobalSection
	GlobalSection(SolutionProperties) = preSolution
		HideSolutionNode = FALSE
	EndGlobalSection
EndGlobal
